
Microsoft Visual Studio Solution File, Format Version 12.00
# Visual Studio Version 17
VisualStudioVersion = 17.1.31903.286
MinimumVisualStudioVersion = 10.0.40219.1
Project("{9A19103F-16F7-4668-BE54-9A1E7A4F7556}") = "Geta.Optimizely.Extensions.Tests", "test\Geta.Optimizely.Extensions.Tests\Geta.Optimizely.Extensions.Tests.csproj", "{892880C9-E837-403E-B043-42D1425DD6B7}"
EndProject
Project("{9A19103F-16F7-4668-BE54-9A1E7A4F7556}") = "Geta.Optimizely.Extensions", "src\Geta.Optimizely.Extensions\Geta.Optimizely.Extensions.csproj", "{03E93F7D-AC51-47DA-8088-71F94ECF1F56}"
EndProject
Project("{2150E333-8FDC-42A3-9474-1A3956D46DE8}") = "Sandbox", "Sandbox", "{3634BF87-FE65-44EA-A506-6EA56F8C2355}"
EndProject
Project("{2150E333-8FDC-42A3-9474-1A3956D46DE8}") = "Test", "Test", "{2007B9FB-FAEB-4946-872D-5FBAAD50660E}"
EndProject
Project("{9A19103F-16F7-4668-BE54-9A1E7A4F7556}") = "AlloyMvcTemplates", "sandbox\Alloy\AlloyMvcTemplates.csproj", "{EBCE0F50-EEAD-4A19-B113-AC5046458394}"
EndProject
Project("{2150E333-8FDC-42A3-9474-1A3956D46DE8}") = "Solution Items", "Solution Items", "{3C308822-F98E-45E1-8B7C-533583C15F9D}"
	ProjectSection(SolutionItems) = preProject
		CHANGELOG.md = CHANGELOG.md
		LICENSE.txt = LICENSE.txt
		NuGet.config = NuGet.config
		README.md = README.md
	EndProjectSection
EndProject
Global
	GlobalSection(SolutionConfigurationPlatforms) = preSolution
		Debug|Any CPU = Debug|Any CPU
		Release|Any CPU = Release|Any CPU
	EndGlobalSection
	GlobalSection(ProjectConfigurationPlatforms) = postSolution
		{892880C9-E837-403E-B043-42D1425DD6B7}.Debug|Any CPU.ActiveCfg = Debug|Any CPU
		{892880C9-E837-403E-B043-42D1425DD6B7}.Debug|Any CPU.Build.0 = Debug|Any CPU
		{892880C9-E837-403E-B043-42D1425DD6B7}.Release|Any CPU.ActiveCfg = Release|Any CPU
		{892880C9-E837-403E-B043-42D1425DD6B7}.Release|Any CPU.Build.0 = Release|Any CPU
		{03E93F7D-AC51-47DA-8088-71F94ECF1F56}.Debug|Any CPU.ActiveCfg = Debug|Any CPU
		{03E93F7D-AC51-47DA-8088-71F94ECF1F56}.Debug|Any CPU.Build.0 = Debug|Any CPU
		{03E93F7D-AC51-47DA-8088-71F94ECF1F56}.Release|Any CPU.ActiveCfg = Release|Any CPU
		{03E93F7D-AC51-47DA-8088-71F94ECF1F56}.Release|Any CPU.Build.0 = Release|Any CPU
		{EBCE0F50-EEAD-4A19-B113-AC5046458394}.Debug|Any CPU.ActiveCfg = Debug|Any CPU
		{EBCE0F50-EEAD-4A19-B113-AC5046458394}.Debug|Any CPU.Build.0 = Debug|Any CPU
		{EBCE0F50-EEAD-4A19-B113-AC5046458394}.Release|Any CPU.ActiveCfg = Release|Any CPU
		{EBCE0F50-EEAD-4A19-B113-AC5046458394}.Release|Any CPU.Build.0 = Release|Any CPU
	EndGlobalSection
	GlobalSection(SolutionProperties) = preSolution
		HideSolutionNode = FALSE
	EndGlobalSection
	GlobalSection(NestedProjects) = preSolution
		{892880C9-E837-403E-B043-42D1425DD6B7} = {2007B9FB-FAEB-4946-872D-5FBAAD50660E}
		{EBCE0F50-EEAD-4A19-B113-AC5046458394} = {3634BF87-FE65-44EA-A506-6EA56F8C2355}
	EndGlobalSection
	GlobalSection(ExtensibilityGlobals) = postSolution
		SolutionGuid = {85FD3D50-7D7A-4211-B18C-6A93B1BC9258}
	EndGlobalSection
EndGlobal
