
Microsoft Visual Studio Solution File, Format Version 12.00
# Visual Studio Version 16
VisualStudioVersion = 16.0.30907.101
MinimumVisualStudioVersion = 10.0.40219.1
Project("{9A19103F-16F7-4668-BE54-9A1E7A4F7556}") = "AlloyMvcTemplates", "sandbox\Episerver\Alloy\AlloyMvcTemplates.csproj", "{F934FBED-5A65-4A06-A0C6-07E6904BDA18}"
EndProject
Project("{9A19103F-16F7-4668-BE54-9A1E7A4F7556}") = "Geta.Optimizely.Extensions.Tests", "test\Geta.Optimizely.Extensions.Tests\Geta.Optimizely.Extensions.Tests.csproj", "{892880C9-E837-403E-B043-42D1425DD6B7}"
EndProject
Project("{9A19103F-16F7-4668-BE54-9A1E7A4F7556}") = "Geta.Optimizely.Extensions", "src\Geta.Optimizely.Extensions\Geta.Optimizely.Extensions.csproj", "{03E93F7D-AC51-47DA-8088-71F94ECF1F56}"
EndProject
Global
	GlobalSection(SolutionConfigurationPlatforms) = preSolution
		Debug|Any CPU = Debug|Any CPU
		Release|Any CPU = Release|Any CPU
	EndGlobalSection
	GlobalSection(ProjectConfigurationPlatforms) = postSolution
		{F934FBED-5A65-4A06-A0C6-07E6904BDA18}.Debug|Any CPU.ActiveCfg = Debug|Any CPU
		{F934FBED-5A65-4A06-A0C6-07E6904BDA18}.Debug|Any CPU.Build.0 = Debug|Any CPU
		{F934FBED-5A65-4A06-A0C6-07E6904BDA18}.Release|Any CPU.ActiveCfg = Release|Any CPU
		{F934FBED-5A65-4A06-A0C6-07E6904BDA18}.Release|Any CPU.Build.0 = Release|Any CPU
		{892880C9-E837-403E-B043-42D1425DD6B7}.Debug|Any CPU.ActiveCfg = Debug|Any CPU
		{892880C9-E837-403E-B043-42D1425DD6B7}.Debug|Any CPU.Build.0 = Debug|Any CPU
		{892880C9-E837-403E-B043-42D1425DD6B7}.Release|Any CPU.ActiveCfg = Release|Any CPU
		{892880C9-E837-403E-B043-42D1425DD6B7}.Release|Any CPU.Build.0 = Release|Any CPU
		{03E93F7D-AC51-47DA-8088-71F94ECF1F56}.Debug|Any CPU.ActiveCfg = Debug|Any CPU
		{03E93F7D-AC51-47DA-8088-71F94ECF1F56}.Debug|Any CPU.Build.0 = Debug|Any CPU
		{03E93F7D-AC51-47DA-8088-71F94ECF1F56}.Release|Any CPU.ActiveCfg = Release|Any CPU
		{03E93F7D-AC51-47DA-8088-71F94ECF1F56}.Release|Any CPU.Build.0 = Release|Any CPU
	EndGlobalSection
	GlobalSection(SolutionProperties) = preSolution
		HideSolutionNode = FALSE
	EndGlobalSection
	GlobalSection(ExtensibilityGlobals) = postSolution
		SolutionGuid = {85FD3D50-7D7A-4211-B18C-6A93B1BC9258}
	EndGlobalSection
EndGlobal
